// !$*UTF8*$!
{
	archiveVersion = 1;
	classes = {
	};
	objectVersion = 55;
	objects = {

/* Begin PBXBuildFile section */
		B91FE38E285CE02F00EE2F3D /* PageControl.swift in Sources */ = {isa = PBXBuildFile; fileRef = B91FE38D285CE02F00EE2F3D /* PageControl.swift */; };
		B91FE3942860A67100EE2F3D /* Assets.xcassets in Resources */ = {isa = PBXBuildFile; fileRef = B91FE3932860A67100EE2F3D /* Assets.xcassets */; };
		B91FE39A2860A67200EE2F3D /* WatchLandmarks WatchKit Extension.appex in Embed App Extensions */ = {isa = PBXBuildFile; fileRef = B91FE3992860A67200EE2F3D /* WatchLandmarks WatchKit Extension.appex */; settings = {ATTRIBUTES = (RemoveHeadersOnCopy, ); }; };
		B91FE3A12860A67200EE2F3D /* ContentView.swift in Sources */ = {isa = PBXBuildFile; fileRef = B91FE3A02860A67200EE2F3D /* ContentView.swift */; };
		B91FE3A32860A67200EE2F3D /* NotificationController.swift in Sources */ = {isa = PBXBuildFile; fileRef = B91FE3A22860A67200EE2F3D /* NotificationController.swift */; };
		B91FE3A52860A67200EE2F3D /* NotificationView.swift in Sources */ = {isa = PBXBuildFile; fileRef = B91FE3A42860A67200EE2F3D /* NotificationView.swift */; };
		B91FE3A72860A67200EE2F3D /* ComplicationController.swift in Sources */ = {isa = PBXBuildFile; fileRef = B91FE3A62860A67200EE2F3D /* ComplicationController.swift */; };
		B91FE3A92860A67200EE2F3D /* Assets.xcassets in Resources */ = {isa = PBXBuildFile; fileRef = B91FE3A82860A67200EE2F3D /* Assets.xcassets */; };
		B91FE3AC2860A67200EE2F3D /* Preview Assets.xcassets in Resources */ = {isa = PBXBuildFile; fileRef = B91FE3AB2860A67200EE2F3D /* Preview Assets.xcassets */; };
		B91FE3B82860A67200EE2F3D /* WatchLandmarksTests.swift in Sources */ = {isa = PBXBuildFile; fileRef = B91FE3B72860A67200EE2F3D /* WatchLandmarksTests.swift */; };
		B91FE3C22860A67200EE2F3D /* WatchLandmarksUITests.swift in Sources */ = {isa = PBXBuildFile; fileRef = B91FE3C12860A67200EE2F3D /* WatchLandmarksUITests.swift */; };
		B91FE3C42860A67200EE2F3D /* WatchLandmarksUITestsLaunchTests.swift in Sources */ = {isa = PBXBuildFile; fileRef = B91FE3C32860A67200EE2F3D /* WatchLandmarksUITestsLaunchTests.swift */; };
		B91FE3C72860A67200EE2F3D /* WatchLandmarks.app in Embed Watch Content */ = {isa = PBXBuildFile; fileRef = B91FE3912860A66F00EE2F3D /* WatchLandmarks.app */; settings = {ATTRIBUTES = (RemoveHeadersOnCopy, ); }; };
		B91FE3D62860A84700EE2F3D /* Hike.swift in Sources */ = {isa = PBXBuildFile; fileRef = B9C3E0B62852331600D4A960 /* Hike.swift */; };
		B91FE3D72860A84700EE2F3D /* MapView.swift in Sources */ = {isa = PBXBuildFile; fileRef = B99982B6283EDAB0004DE5BA /* MapView.swift */; };
		B91FE3D82860A84700EE2F3D /* LandmarkRow.swift in Sources */ = {isa = PBXBuildFile; fileRef = B9FCD198284807FC00A391BB /* LandmarkRow.swift */; };
		B91FE3D92860A84700EE2F3D /* Profile.swift in Sources */ = {isa = PBXBuildFile; fileRef = B94421F9285695AD008D34B1 /* Profile.swift */; };
		B91FE3DA2860A84700EE2F3D /* landmarkData.json in Resources */ = {isa = PBXBuildFile; fileRef = B9FCD18F2847F5BA00A391BB /* landmarkData.json */; };
		B91FE3DB2860A84700EE2F3D /* Assets.xcassets in Resources */ = {isa = PBXBuildFile; fileRef = B99982AA283EC3AE004DE5BA /* Assets.xcassets */; };
		B91FE3DC2860A84700EE2F3D /* hikeData.json in Resources */ = {isa = PBXBuildFile; fileRef = B9C3E0B4285232E900D4A960 /* hikeData.json */; };
		B91FE3DD2860A84700EE2F3D /* LandmarksApp.swift in Sources */ = {isa = PBXBuildFile; fileRef = B99982A6283EC3AD004DE5BA /* LandmarksApp.swift */; };
		B91FE3DE2860A84700EE2F3D /* Landmark.swift in Sources */ = {isa = PBXBuildFile; fileRef = B9FCD1912847F5E900A391BB /* Landmark.swift */; };
		B91FE3DF2860A84700EE2F3D /* ModelData.swift in Sources */ = {isa = PBXBuildFile; fileRef = B9FCD1932847FD4100A391BB /* ModelData.swift */; };
		B91FE3E12860A84700EE2F3D /* CircleImage.swift in Sources */ = {isa = PBXBuildFile; fileRef = B99982B4283ED8EE004DE5BA /* CircleImage.swift */; };
		B91FE3E32860A92600EE2F3D /* LandmarkDetail.swift in Sources */ = {isa = PBXBuildFile; fileRef = B91FE3E22860A92600EE2F3D /* LandmarkDetail.swift */; };
		B94421FA285695AD008D34B1 /* Profile.swift in Sources */ = {isa = PBXBuildFile; fileRef = B94421F9285695AD008D34B1 /* Profile.swift */; };
		B94421FD285696EA008D34B1 /* ProfileHost.swift in Sources */ = {isa = PBXBuildFile; fileRef = B94421FC285696EA008D34B1 /* ProfileHost.swift */; };
		B94421FF2857702A008D34B1 /* ProfileSummary.swift in Sources */ = {isa = PBXBuildFile; fileRef = B94421FE2857702A008D34B1 /* ProfileSummary.swift */; };
		B944220128577208008D34B1 /* HikeBadge.swift in Sources */ = {isa = PBXBuildFile; fileRef = B944220028577208008D34B1 /* HikeBadge.swift */; };
		B944220328578092008D34B1 /* ProfileEditor.swift in Sources */ = {isa = PBXBuildFile; fileRef = B944220228578092008D34B1 /* ProfileEditor.swift */; };
		B96AF9C9285CA92B00FD0B6E /* PageViewController.swift in Sources */ = {isa = PBXBuildFile; fileRef = B96AF9C8285CA92B00FD0B6E /* PageViewController.swift */; };
		B96AF9CB285CB13A00FD0B6E /* FeatureCard.swift in Sources */ = {isa = PBXBuildFile; fileRef = B96AF9CA285CB13A00FD0B6E /* FeatureCard.swift */; };
		B96AF9CD285CB97C00FD0B6E /* PageView.swift in Sources */ = {isa = PBXBuildFile; fileRef = B96AF9CC285CB97C00FD0B6E /* PageView.swift */; };
		B9734A77284944C6009C1160 /* FavoriteButton.swift in Sources */ = {isa = PBXBuildFile; fileRef = B9734A76284944C6009C1160 /* FavoriteButton.swift */; };
		B976BCC1284A3C160025D71B /* HexagonParameters.swift in Sources */ = {isa = PBXBuildFile; fileRef = B976BCC0284A3C160025D71B /* HexagonParameters.swift */; };
		B976BCC3284A3DB70025D71B /* BadgeBackground.swift in Sources */ = {isa = PBXBuildFile; fileRef = B976BCC2284A3DB70025D71B /* BadgeBackground.swift */; };
		B976BCC5284A46DD0025D71B /* BadgeSymbol.swift in Sources */ = {isa = PBXBuildFile; fileRef = B976BCC4284A46DD0025D71B /* BadgeSymbol.swift */; };
		B977BA3C284A7D1F0005DDC1 /* RotatedBadgeSymbol.swift in Sources */ = {isa = PBXBuildFile; fileRef = B977BA3B284A7D1F0005DDC1 /* RotatedBadgeSymbol.swift */; };
		B977BA3E284A7DB20005DDC1 /* Badge.swift in Sources */ = {isa = PBXBuildFile; fileRef = B977BA3D284A7DB20005DDC1 /* Badge.swift */; };
		B9853B5228525DBF002404F1 /* CategoryHome.swift in Sources */ = {isa = PBXBuildFile; fileRef = B9853B5128525DBF002404F1 /* CategoryHome.swift */; };
		B9853B5428526202002404F1 /* CategoryRow.swift in Sources */ = {isa = PBXBuildFile; fileRef = B9853B5328526202002404F1 /* CategoryRow.swift */; };
		B9853B562852686B002404F1 /* CategoryItem.swift in Sources */ = {isa = PBXBuildFile; fileRef = B9853B552852686B002404F1 /* CategoryItem.swift */; };
		B99982A7283EC3AD004DE5BA /* LandmarksApp.swift in Sources */ = {isa = PBXBuildFile; fileRef = B99982A6283EC3AD004DE5BA /* LandmarksApp.swift */; };
		B99982A9283EC3AD004DE5BA /* ContentView.swift in Sources */ = {isa = PBXBuildFile; fileRef = B99982A8283EC3AD004DE5BA /* ContentView.swift */; };
		B99982AB283EC3AE004DE5BA /* Assets.xcassets in Resources */ = {isa = PBXBuildFile; fileRef = B99982AA283EC3AE004DE5BA /* Assets.xcassets */; };
		B99982AE283EC3AE004DE5BA /* Preview Assets.xcassets in Resources */ = {isa = PBXBuildFile; fileRef = B99982AD283EC3AE004DE5BA /* Preview Assets.xcassets */; };
		B99982B5283ED8EE004DE5BA /* CircleImage.swift in Sources */ = {isa = PBXBuildFile; fileRef = B99982B4283ED8EE004DE5BA /* CircleImage.swift */; };
		B99982B7283EDAB0004DE5BA /* MapView.swift in Sources */ = {isa = PBXBuildFile; fileRef = B99982B6283EDAB0004DE5BA /* MapView.swift */; };
		B9C3E0B5285232E900D4A960 /* hikeData.json in Resources */ = {isa = PBXBuildFile; fileRef = B9C3E0B4285232E900D4A960 /* hikeData.json */; };
		B9C3E0B72852331600D4A960 /* Hike.swift in Sources */ = {isa = PBXBuildFile; fileRef = B9C3E0B62852331600D4A960 /* Hike.swift */; };
		B9C3E0BD285234D100D4A960 /* GraphCapsule.swift in Sources */ = {isa = PBXBuildFile; fileRef = B9C3E0B9285234D000D4A960 /* GraphCapsule.swift */; };
		B9C3E0BE285234D100D4A960 /* HikeGraph.swift in Sources */ = {isa = PBXBuildFile; fileRef = B9C3E0BA285234D000D4A960 /* HikeGraph.swift */; };
		B9C3E0BF285234D100D4A960 /* HikeDetail.swift in Sources */ = {isa = PBXBuildFile; fileRef = B9C3E0BB285234D000D4A960 /* HikeDetail.swift */; };
		B9C3E0C0285234D100D4A960 /* HikeView.swift in Sources */ = {isa = PBXBuildFile; fileRef = B9C3E0BC285234D000D4A960 /* HikeView.swift */; };
		B9FA43AE2869E89200F05AF4 /* ContentView.swift in Sources */ = {isa = PBXBuildFile; fileRef = B9FA43AD2869E89200F05AF4 /* ContentView.swift */; };
		B9FA43B02869E89400F05AF4 /* Assets.xcassets in Resources */ = {isa = PBXBuildFile; fileRef = B9FA43AF2869E89400F05AF4 /* Assets.xcassets */; };
		B9FA43B32869E89400F05AF4 /* Preview Assets.xcassets in Resources */ = {isa = PBXBuildFile; fileRef = B9FA43B22869E89400F05AF4 /* Preview Assets.xcassets */; };
		B9FA43B82869E98900F05AF4 /* FavoriteButton.swift in Sources */ = {isa = PBXBuildFile; fileRef = B9734A76284944C6009C1160 /* FavoriteButton.swift */; };
		B9FA43B92869E98900F05AF4 /* hikeData.json in Resources */ = {isa = PBXBuildFile; fileRef = B9C3E0B4285232E900D4A960 /* hikeData.json */; };
		B9FA43BA2869E98900F05AF4 /* CircleImage.swift in Sources */ = {isa = PBXBuildFile; fileRef = B99982B4283ED8EE004DE5BA /* CircleImage.swift */; };
		B9FA43BB2869E98900F05AF4 /* LandmarkList.swift in Sources */ = {isa = PBXBuildFile; fileRef = B9FCD19A284809FF00A391BB /* LandmarkList.swift */; };
		B9FA43BC2869E98900F05AF4 /* landmarkData.json in Resources */ = {isa = PBXBuildFile; fileRef = B9FCD18F2847F5BA00A391BB /* landmarkData.json */; };
		B9FA43BD2869E98900F05AF4 /* LandmarksApp.swift in Sources */ = {isa = PBXBuildFile; fileRef = B99982A6283EC3AD004DE5BA /* LandmarksApp.swift */; };
		B9FA43BE2869E98900F05AF4 /* LandmarkRow.swift in Sources */ = {isa = PBXBuildFile; fileRef = B9FCD198284807FC00A391BB /* LandmarkRow.swift */; };
		B9FA43BF2869E98900F05AF4 /* Landmark.swift in Sources */ = {isa = PBXBuildFile; fileRef = B9FCD1912847F5E900A391BB /* Landmark.swift */; };
		B9FA43C02869E98900F05AF4 /* ModelData.swift in Sources */ = {isa = PBXBuildFile; fileRef = B9FCD1932847FD4100A391BB /* ModelData.swift */; };
		B9FA43C12869E98900F05AF4 /* Hike.swift in Sources */ = {isa = PBXBuildFile; fileRef = B9C3E0B62852331600D4A960 /* Hike.swift */; };
		B9FA43C22869E98900F05AF4 /* MapView.swift in Sources */ = {isa = PBXBuildFile; fileRef = B99982B6283EDAB0004DE5BA /* MapView.swift */; };
		B9FA43C32869E98900F05AF4 /* Profile.swift in Sources */ = {isa = PBXBuildFile; fileRef = B94421F9285695AD008D34B1 /* Profile.swift */; };
		B9FA43C52869EAB900F05AF4 /* LandmarkDetail.swift in Sources */ = {isa = PBXBuildFile; fileRef = B9FA43C42869EAB900F05AF4 /* LandmarkDetail.swift */; };
		B9FA43C72869F72B00F05AF4 /* LandmarkList.swift in Sources */ = {isa = PBXBuildFile; fileRef = B9FA43C62869F72B00F05AF4 /* LandmarkList.swift */; };
		B9FCD1902847F5BA00A391BB /* landmarkData.json in Resources */ = {isa = PBXBuildFile; fileRef = B9FCD18F2847F5BA00A391BB /* landmarkData.json */; };
		B9FCD1922847F5E900A391BB /* Landmark.swift in Sources */ = {isa = PBXBuildFile; fileRef = B9FCD1912847F5E900A391BB /* Landmark.swift */; };
		B9FCD1942847FD4100A391BB /* ModelData.swift in Sources */ = {isa = PBXBuildFile; fileRef = B9FCD1932847FD4100A391BB /* ModelData.swift */; };
		B9FCD199284807FC00A391BB /* LandmarkRow.swift in Sources */ = {isa = PBXBuildFile; fileRef = B9FCD198284807FC00A391BB /* LandmarkRow.swift */; };
		B9FCD19B284809FF00A391BB /* LandmarkList.swift in Sources */ = {isa = PBXBuildFile; fileRef = B9FCD19A284809FF00A391BB /* LandmarkList.swift */; };
		B9FCD19D28480BC200A391BB /* LandmarkDetail.swift in Sources */ = {isa = PBXBuildFile; fileRef = B9FCD19C28480BC200A391BB /* LandmarkDetail.swift */; };
/* End PBXBuildFile section */

/* Begin PBXContainerItemProxy section */
		B91FE39B2860A67200EE2F3D /* PBXContainerItemProxy */ = {
			isa = PBXContainerItemProxy;
			containerPortal = B999829B283EC3AC004DE5BA /* Project object */;
			proxyType = 1;
			remoteGlobalIDString = B91FE3982860A67200EE2F3D;
			remoteInfo = "WatchLandmarks WatchKit Extension";
		};
		B91FE3B42860A67200EE2F3D /* PBXContainerItemProxy */ = {
			isa = PBXContainerItemProxy;
			containerPortal = B999829B283EC3AC004DE5BA /* Project object */;
			proxyType = 1;
			remoteGlobalIDString = B91FE3982860A67200EE2F3D;
			remoteInfo = "WatchLandmarks WatchKit Extension";
		};
		B91FE3BE2860A67200EE2F3D /* PBXContainerItemProxy */ = {
			isa = PBXContainerItemProxy;
			containerPortal = B999829B283EC3AC004DE5BA /* Project object */;
			proxyType = 1;
			remoteGlobalIDString = B91FE3902860A66F00EE2F3D;
			remoteInfo = WatchLandmarks;
		};
		B91FE3C52860A67200EE2F3D /* PBXContainerItemProxy */ = {
			isa = PBXContainerItemProxy;
			containerPortal = B999829B283EC3AC004DE5BA /* Project object */;
			proxyType = 1;
			remoteGlobalIDString = B91FE3902860A66F00EE2F3D;
			remoteInfo = WatchLandmarks;
		};
/* End PBXContainerItemProxy section */

/* Begin PBXCopyFilesBuildPhase section */
		B91FE3C82860A67200EE2F3D /* Embed Watch Content */ = {
			isa = PBXCopyFilesBuildPhase;
			buildActionMask = 2147483647;
			dstPath = "$(CONTENTS_FOLDER_PATH)/Watch";
			dstSubfolderSpec = 16;
			files = (
				B91FE3C72860A67200EE2F3D /* WatchLandmarks.app in Embed Watch Content */,
			);
			name = "Embed Watch Content";
			runOnlyForDeploymentPostprocessing = 0;
		};
		B91FE3CB2860A67200EE2F3D /* Embed App Extensions */ = {
			isa = PBXCopyFilesBuildPhase;
			buildActionMask = 2147483647;
			dstPath = "";
			dstSubfolderSpec = 13;
			files = (
				B91FE39A2860A67200EE2F3D /* WatchLandmarks WatchKit Extension.appex in Embed App Extensions */,
			);
			name = "Embed App Extensions";
			runOnlyForDeploymentPostprocessing = 0;
		};
/* End PBXCopyFilesBuildPhase section */

/* Begin PBXFileReference section */
		B91FE38D285CE02F00EE2F3D /* PageControl.swift */ = {isa = PBXFileReference; lastKnownFileType = sourcecode.swift; path = PageControl.swift; sourceTree = "<group>"; };
		B91FE3912860A66F00EE2F3D /* WatchLandmarks.app */ = {isa = PBXFileReference; explicitFileType = wrapper.application; includeInIndex = 0; path = WatchLandmarks.app; sourceTree = BUILT_PRODUCTS_DIR; };
		B91FE3932860A67100EE2F3D /* Assets.xcassets */ = {isa = PBXFileReference; lastKnownFileType = folder.assetcatalog; path = Assets.xcassets; sourceTree = "<group>"; };
		B91FE3992860A67200EE2F3D /* WatchLandmarks WatchKit Extension.appex */ = {isa = PBXFileReference; explicitFileType = "wrapper.app-extension"; includeInIndex = 0; path = "WatchLandmarks WatchKit Extension.appex"; sourceTree = BUILT_PRODUCTS_DIR; };
		B91FE3A02860A67200EE2F3D /* ContentView.swift */ = {isa = PBXFileReference; lastKnownFileType = sourcecode.swift; path = ContentView.swift; sourceTree = "<group>"; };
		B91FE3A22860A67200EE2F3D /* NotificationController.swift */ = {isa = PBXFileReference; lastKnownFileType = sourcecode.swift; path = NotificationController.swift; sourceTree = "<group>"; };
		B91FE3A42860A67200EE2F3D /* NotificationView.swift */ = {isa = PBXFileReference; lastKnownFileType = sourcecode.swift; path = NotificationView.swift; sourceTree = "<group>"; };
		B91FE3A62860A67200EE2F3D /* ComplicationController.swift */ = {isa = PBXFileReference; lastKnownFileType = sourcecode.swift; path = ComplicationController.swift; sourceTree = "<group>"; };
		B91FE3A82860A67200EE2F3D /* Assets.xcassets */ = {isa = PBXFileReference; lastKnownFileType = folder.assetcatalog; path = Assets.xcassets; sourceTree = "<group>"; };
		B91FE3AB2860A67200EE2F3D /* Preview Assets.xcassets */ = {isa = PBXFileReference; lastKnownFileType = folder.assetcatalog; path = "Preview Assets.xcassets"; sourceTree = "<group>"; };
		B91FE3AD2860A67200EE2F3D /* Info.plist */ = {isa = PBXFileReference; lastKnownFileType = text.plist.xml; path = Info.plist; sourceTree = "<group>"; };
		B91FE3AE2860A67200EE2F3D /* PushNotificationPayload.apns */ = {isa = PBXFileReference; lastKnownFileType = text; path = PushNotificationPayload.apns; sourceTree = "<group>"; };
		B91FE3B32860A67200EE2F3D /* WatchLandmarksTests.xctest */ = {isa = PBXFileReference; explicitFileType = wrapper.cfbundle; includeInIndex = 0; path = WatchLandmarksTests.xctest; sourceTree = BUILT_PRODUCTS_DIR; };
		B91FE3B72860A67200EE2F3D /* WatchLandmarksTests.swift */ = {isa = PBXFileReference; lastKnownFileType = sourcecode.swift; path = WatchLandmarksTests.swift; sourceTree = "<group>"; };
		B91FE3BD2860A67200EE2F3D /* WatchLandmarksUITests.xctest */ = {isa = PBXFileReference; explicitFileType = wrapper.cfbundle; includeInIndex = 0; path = WatchLandmarksUITests.xctest; sourceTree = BUILT_PRODUCTS_DIR; };
		B91FE3C12860A67200EE2F3D /* WatchLandmarksUITests.swift */ = {isa = PBXFileReference; lastKnownFileType = sourcecode.swift; path = WatchLandmarksUITests.swift; sourceTree = "<group>"; };
		B91FE3C32860A67200EE2F3D /* WatchLandmarksUITestsLaunchTests.swift */ = {isa = PBXFileReference; lastKnownFileType = sourcecode.swift; path = WatchLandmarksUITestsLaunchTests.swift; sourceTree = "<group>"; };
		B91FE3E22860A92600EE2F3D /* LandmarkDetail.swift */ = {isa = PBXFileReference; lastKnownFileType = sourcecode.swift; path = LandmarkDetail.swift; sourceTree = "<group>"; };
		B94421F9285695AD008D34B1 /* Profile.swift */ = {isa = PBXFileReference; lastKnownFileType = sourcecode.swift; path = Profile.swift; sourceTree = "<group>"; };
		B94421FC285696EA008D34B1 /* ProfileHost.swift */ = {isa = PBXFileReference; lastKnownFileType = sourcecode.swift; path = ProfileHost.swift; sourceTree = "<group>"; };
		B94421FE2857702A008D34B1 /* ProfileSummary.swift */ = {isa = PBXFileReference; lastKnownFileType = sourcecode.swift; path = ProfileSummary.swift; sourceTree = "<group>"; };
		B944220028577208008D34B1 /* HikeBadge.swift */ = {isa = PBXFileReference; lastKnownFileType = sourcecode.swift; path = HikeBadge.swift; sourceTree = "<group>"; };
		B944220228578092008D34B1 /* ProfileEditor.swift */ = {isa = PBXFileReference; lastKnownFileType = sourcecode.swift; path = ProfileEditor.swift; sourceTree = "<group>"; };
		B96AF9C8285CA92B00FD0B6E /* PageViewController.swift */ = {isa = PBXFileReference; lastKnownFileType = sourcecode.swift; path = PageViewController.swift; sourceTree = "<group>"; };
		B96AF9CA285CB13A00FD0B6E /* FeatureCard.swift */ = {isa = PBXFileReference; lastKnownFileType = sourcecode.swift; path = FeatureCard.swift; sourceTree = "<group>"; };
		B96AF9CC285CB97C00FD0B6E /* PageView.swift */ = {isa = PBXFileReference; lastKnownFileType = sourcecode.swift; path = PageView.swift; sourceTree = "<group>"; };
		B9734A76284944C6009C1160 /* FavoriteButton.swift */ = {isa = PBXFileReference; lastKnownFileType = sourcecode.swift; path = FavoriteButton.swift; sourceTree = "<group>"; };
		B976BCC0284A3C160025D71B /* HexagonParameters.swift */ = {isa = PBXFileReference; lastKnownFileType = sourcecode.swift; path = HexagonParameters.swift; sourceTree = "<group>"; };
		B976BCC2284A3DB70025D71B /* BadgeBackground.swift */ = {isa = PBXFileReference; lastKnownFileType = sourcecode.swift; path = BadgeBackground.swift; sourceTree = "<group>"; };
		B976BCC4284A46DD0025D71B /* BadgeSymbol.swift */ = {isa = PBXFileReference; lastKnownFileType = sourcecode.swift; path = BadgeSymbol.swift; sourceTree = "<group>"; };
		B977BA3B284A7D1F0005DDC1 /* RotatedBadgeSymbol.swift */ = {isa = PBXFileReference; lastKnownFileType = sourcecode.swift; path = RotatedBadgeSymbol.swift; sourceTree = "<group>"; };
		B977BA3D284A7DB20005DDC1 /* Badge.swift */ = {isa = PBXFileReference; lastKnownFileType = sourcecode.swift; path = Badge.swift; sourceTree = "<group>"; };
		B9853B5128525DBF002404F1 /* CategoryHome.swift */ = {isa = PBXFileReference; lastKnownFileType = sourcecode.swift; path = CategoryHome.swift; sourceTree = "<group>"; };
		B9853B5328526202002404F1 /* CategoryRow.swift */ = {isa = PBXFileReference; lastKnownFileType = sourcecode.swift; path = CategoryRow.swift; sourceTree = "<group>"; };
		B9853B552852686B002404F1 /* CategoryItem.swift */ = {isa = PBXFileReference; lastKnownFileType = sourcecode.swift; path = CategoryItem.swift; sourceTree = "<group>"; };
		B99982A3283EC3AD004DE5BA /* Landmarks.app */ = {isa = PBXFileReference; explicitFileType = wrapper.application; includeInIndex = 0; path = Landmarks.app; sourceTree = BUILT_PRODUCTS_DIR; };
		B99982A6283EC3AD004DE5BA /* LandmarksApp.swift */ = {isa = PBXFileReference; lastKnownFileType = sourcecode.swift; path = LandmarksApp.swift; sourceTree = "<group>"; };
		B99982A8283EC3AD004DE5BA /* ContentView.swift */ = {isa = PBXFileReference; lastKnownFileType = sourcecode.swift; path = ContentView.swift; sourceTree = "<group>"; };
		B99982AA283EC3AE004DE5BA /* Assets.xcassets */ = {isa = PBXFileReference; lastKnownFileType = folder.assetcatalog; path = Assets.xcassets; sourceTree = "<group>"; };
		B99982AD283EC3AE004DE5BA /* Preview Assets.xcassets */ = {isa = PBXFileReference; lastKnownFileType = folder.assetcatalog; path = "Preview Assets.xcassets"; sourceTree = "<group>"; };
		B99982B4283ED8EE004DE5BA /* CircleImage.swift */ = {isa = PBXFileReference; lastKnownFileType = sourcecode.swift; path = CircleImage.swift; sourceTree = "<group>"; };
		B99982B6283EDAB0004DE5BA /* MapView.swift */ = {isa = PBXFileReference; lastKnownFileType = sourcecode.swift; path = MapView.swift; sourceTree = "<group>"; };
		B9C3E0B4285232E900D4A960 /* hikeData.json */ = {isa = PBXFileReference; fileEncoding = 4; lastKnownFileType = text.json; path = hikeData.json; sourceTree = "<group>"; };
		B9C3E0B62852331600D4A960 /* Hike.swift */ = {isa = PBXFileReference; lastKnownFileType = sourcecode.swift; path = Hike.swift; sourceTree = "<group>"; };
		B9C3E0B9285234D000D4A960 /* GraphCapsule.swift */ = {isa = PBXFileReference; fileEncoding = 4; lastKnownFileType = sourcecode.swift; path = GraphCapsule.swift; sourceTree = "<group>"; };
		B9C3E0BA285234D000D4A960 /* HikeGraph.swift */ = {isa = PBXFileReference; fileEncoding = 4; lastKnownFileType = sourcecode.swift; path = HikeGraph.swift; sourceTree = "<group>"; };
		B9C3E0BB285234D000D4A960 /* HikeDetail.swift */ = {isa = PBXFileReference; fileEncoding = 4; lastKnownFileType = sourcecode.swift; path = HikeDetail.swift; sourceTree = "<group>"; };
		B9C3E0BC285234D000D4A960 /* HikeView.swift */ = {isa = PBXFileReference; fileEncoding = 4; lastKnownFileType = sourcecode.swift; path = HikeView.swift; sourceTree = "<group>"; };
		B9FA43A92869E89200F05AF4 /* MacLandmarks.app */ = {isa = PBXFileReference; explicitFileType = wrapper.application; includeInIndex = 0; path = MacLandmarks.app; sourceTree = BUILT_PRODUCTS_DIR; };
		B9FA43AD2869E89200F05AF4 /* ContentView.swift */ = {isa = PBXFileReference; lastKnownFileType = sourcecode.swift; path = ContentView.swift; sourceTree = "<group>"; };
		B9FA43AF2869E89400F05AF4 /* Assets.xcassets */ = {isa = PBXFileReference; lastKnownFileType = folder.assetcatalog; path = Assets.xcassets; sourceTree = "<group>"; };
		B9FA43B22869E89400F05AF4 /* Preview Assets.xcassets */ = {isa = PBXFileReference; lastKnownFileType = folder.assetcatalog; path = "Preview Assets.xcassets"; sourceTree = "<group>"; };
		B9FA43B42869E89400F05AF4 /* MacLandmarks.entitlements */ = {isa = PBXFileReference; lastKnownFileType = text.plist.entitlements; path = MacLandmarks.entitlements; sourceTree = "<group>"; };
		B9FA43C42869EAB900F05AF4 /* LandmarkDetail.swift */ = {isa = PBXFileReference; lastKnownFileType = sourcecode.swift; path = LandmarkDetail.swift; sourceTree = "<group>"; };
		B9FA43C62869F72B00F05AF4 /* LandmarkList.swift */ = {isa = PBXFileReference; lastKnownFileType = sourcecode.swift; path = LandmarkList.swift; sourceTree = "<group>"; };
		B9FCD18F2847F5BA00A391BB /* landmarkData.json */ = {isa = PBXFileReference; fileEncoding = 4; lastKnownFileType = text.json; path = landmarkData.json; sourceTree = "<group>"; };
		B9FCD1912847F5E900A391BB /* Landmark.swift */ = {isa = PBXFileReference; lastKnownFileType = sourcecode.swift; path = Landmark.swift; sourceTree = "<group>"; };
		B9FCD1932847FD4100A391BB /* ModelData.swift */ = {isa = PBXFileReference; lastKnownFileType = sourcecode.swift; path = ModelData.swift; sourceTree = "<group>"; };
		B9FCD198284807FC00A391BB /* LandmarkRow.swift */ = {isa = PBXFileReference; lastKnownFileType = sourcecode.swift; path = LandmarkRow.swift; sourceTree = "<group>"; };
		B9FCD19A284809FF00A391BB /* LandmarkList.swift */ = {isa = PBXFileReference; lastKnownFileType = sourcecode.swift; path = LandmarkList.swift; sourceTree = "<group>"; };
		B9FCD19C28480BC200A391BB /* LandmarkDetail.swift */ = {isa = PBXFileReference; lastKnownFileType = sourcecode.swift; path = LandmarkDetail.swift; sourceTree = "<group>"; };
		B9FCD19E2848127500A391BB /* README.md */ = {isa = PBXFileReference; lastKnownFileType = net.daringfireball.markdown; path = README.md; sourceTree = "<group>"; };
/* End PBXFileReference section */

/* Begin PBXFrameworksBuildPhase section */
		B91FE3962860A67200EE2F3D /* Frameworks */ = {
			isa = PBXFrameworksBuildPhase;
			buildActionMask = 2147483647;
			files = (
			);
			runOnlyForDeploymentPostprocessing = 0;
		};
		B91FE3B02860A67200EE2F3D /* Frameworks */ = {
			isa = PBXFrameworksBuildPhase;
			buildActionMask = 2147483647;
			files = (
			);
			runOnlyForDeploymentPostprocessing = 0;
		};
		B91FE3BA2860A67200EE2F3D /* Frameworks */ = {
			isa = PBXFrameworksBuildPhase;
			buildActionMask = 2147483647;
			files = (
			);
			runOnlyForDeploymentPostprocessing = 0;
		};
		B99982A0283EC3AC004DE5BA /* Frameworks */ = {
			isa = PBXFrameworksBuildPhase;
			buildActionMask = 2147483647;
			files = (
			);
			runOnlyForDeploymentPostprocessing = 0;
		};
		B9FA43A62869E89200F05AF4 /* Frameworks */ = {
			isa = PBXFrameworksBuildPhase;
			buildActionMask = 2147483647;
			files = (
			);
			runOnlyForDeploymentPostprocessing = 0;
		};
/* End PBXFrameworksBuildPhase section */

/* Begin PBXGroup section */
		B91FE3922860A67000EE2F3D /* WatchLandmarks */ = {
			isa = PBXGroup;
			children = (
				B91FE3932860A67100EE2F3D /* Assets.xcassets */,
			);
			path = WatchLandmarks;
			sourceTree = "<group>";
		};
		B91FE39D2860A67200EE2F3D /* WatchLandmarks WatchKit Extension */ = {
			isa = PBXGroup;
			children = (
				B91FE3A02860A67200EE2F3D /* ContentView.swift */,
				B91FE3A22860A67200EE2F3D /* NotificationController.swift */,
				B91FE3A42860A67200EE2F3D /* NotificationView.swift */,
				B91FE3A62860A67200EE2F3D /* ComplicationController.swift */,
				B91FE3A82860A67200EE2F3D /* Assets.xcassets */,
				B91FE3AD2860A67200EE2F3D /* Info.plist */,
				B91FE3AE2860A67200EE2F3D /* PushNotificationPayload.apns */,
				B91FE3AA2860A67200EE2F3D /* Preview Content */,
				B91FE3E22860A92600EE2F3D /* LandmarkDetail.swift */,
				B9FA43C62869F72B00F05AF4 /* LandmarkList.swift */,
			);
			path = "WatchLandmarks WatchKit Extension";
			sourceTree = "<group>";
		};
		B91FE3AA2860A67200EE2F3D /* Preview Content */ = {
			isa = PBXGroup;
			children = (
				B91FE3AB2860A67200EE2F3D /* Preview Assets.xcassets */,
			);
			path = "Preview Content";
			sourceTree = "<group>";
		};
		B91FE3B62860A67200EE2F3D /* WatchLandmarksTests */ = {
			isa = PBXGroup;
			children = (
				B91FE3B72860A67200EE2F3D /* WatchLandmarksTests.swift */,
			);
			path = WatchLandmarksTests;
			sourceTree = "<group>";
		};
		B91FE3C02860A67200EE2F3D /* WatchLandmarksUITests */ = {
			isa = PBXGroup;
			children = (
				B91FE3C12860A67200EE2F3D /* WatchLandmarksUITests.swift */,
				B91FE3C32860A67200EE2F3D /* WatchLandmarksUITestsLaunchTests.swift */,
			);
			path = WatchLandmarksUITests;
			sourceTree = "<group>";
		};
		B94421FB285696CD008D34B1 /* Profiles */ = {
			isa = PBXGroup;
			children = (
				B94421FC285696EA008D34B1 /* ProfileHost.swift */,
				B94421FE2857702A008D34B1 /* ProfileSummary.swift */,
				B944220228578092008D34B1 /* ProfileEditor.swift */,
			);
			path = Profiles;
			sourceTree = "<group>";
		};
		B96AF9C7285CA8EA00FD0B6E /* PageView */ = {
			isa = PBXGroup;
			children = (
				B96AF9C8285CA92B00FD0B6E /* PageViewController.swift */,
				B96AF9CA285CB13A00FD0B6E /* FeatureCard.swift */,
				B96AF9CC285CB97C00FD0B6E /* PageView.swift */,
				B91FE38D285CE02F00EE2F3D /* PageControl.swift */,
			);
			path = PageView;
			sourceTree = "<group>";
		};
		B9734A7828494596009C1160 /* Helpers */ = {
			isa = PBXGroup;
			children = (
				B99982B4283ED8EE004DE5BA /* CircleImage.swift */,
				B99982B6283EDAB0004DE5BA /* MapView.swift */,
				B9734A76284944C6009C1160 /* FavoriteButton.swift */,
			);
			path = Helpers;
			sourceTree = "<group>";
		};
		B9734A79284945B1009C1160 /* Landmarks */ = {
			isa = PBXGroup;
			children = (
				B9FCD198284807FC00A391BB /* LandmarkRow.swift */,
				B9FCD19A284809FF00A391BB /* LandmarkList.swift */,
				B9FCD19C28480BC200A391BB /* LandmarkDetail.swift */,
			);
			path = Landmarks;
			sourceTree = "<group>";
		};
		B977BA3F284A80860005DDC1 /* Badges */ = {
			isa = PBXGroup;
			children = (
				B976BCC0284A3C160025D71B /* HexagonParameters.swift */,
				B976BCC2284A3DB70025D71B /* BadgeBackground.swift */,
				B976BCC4284A46DD0025D71B /* BadgeSymbol.swift */,
				B977BA3B284A7D1F0005DDC1 /* RotatedBadgeSymbol.swift */,
				B977BA3D284A7DB20005DDC1 /* Badge.swift */,
			);
			path = Badges;
			sourceTree = "<group>";
		};
		B9853B5028525D9D002404F1 /* Categories */ = {
			isa = PBXGroup;
			children = (
				B9853B5128525DBF002404F1 /* CategoryHome.swift */,
				B9853B5328526202002404F1 /* CategoryRow.swift */,
				B9853B552852686B002404F1 /* CategoryItem.swift */,
			);
			path = Categories;
			sourceTree = "<group>";
		};
		B999829A283EC3AC004DE5BA = {
			isa = PBXGroup;
			children = (
				B9FCD19E2848127500A391BB /* README.md */,
				B99982A5283EC3AD004DE5BA /* Landmarks */,
				B91FE3922860A67000EE2F3D /* WatchLandmarks */,
				B91FE39D2860A67200EE2F3D /* WatchLandmarks WatchKit Extension */,
				B91FE3B62860A67200EE2F3D /* WatchLandmarksTests */,
				B91FE3C02860A67200EE2F3D /* WatchLandmarksUITests */,
				B9FA43AA2869E89200F05AF4 /* MacLandmarks */,
				B99982A4283EC3AD004DE5BA /* Products */,
			);
			sourceTree = "<group>";
		};
		B99982A4283EC3AD004DE5BA /* Products */ = {
			isa = PBXGroup;
			children = (
				B99982A3283EC3AD004DE5BA /* Landmarks.app */,
				B91FE3912860A66F00EE2F3D /* WatchLandmarks.app */,
				B91FE3992860A67200EE2F3D /* WatchLandmarks WatchKit Extension.appex */,
				B91FE3B32860A67200EE2F3D /* WatchLandmarksTests.xctest */,
				B91FE3BD2860A67200EE2F3D /* WatchLandmarksUITests.xctest */,
				B9FA43A92869E89200F05AF4 /* MacLandmarks.app */,
			);
			name = Products;
			sourceTree = "<group>";
		};
		B99982A5283EC3AD004DE5BA /* Landmarks */ = {
			isa = PBXGroup;
			children = (
				B99982A6283EC3AD004DE5BA /* LandmarksApp.swift */,
				B9FCD1952848070D00A391BB /* Views */,
				B99982AA283EC3AE004DE5BA /* Assets.xcassets */,
				B99982AC283EC3AE004DE5BA /* Preview Content */,
				B9FCD1972848072E00A391BB /* Resources */,
				B9FCD1962848072400A391BB /* Model */,
			);
			path = Landmarks;
			sourceTree = "<group>";
		};
		B99982AC283EC3AE004DE5BA /* Preview Content */ = {
			isa = PBXGroup;
			children = (
				B99982AD283EC3AE004DE5BA /* Preview Assets.xcassets */,
			);
			path = "Preview Content";
			sourceTree = "<group>";
		};
		B9C3E0B8285234D000D4A960 /* Hikes */ = {
			isa = PBXGroup;
			children = (
				B9C3E0B9285234D000D4A960 /* GraphCapsule.swift */,
				B9C3E0BA285234D000D4A960 /* HikeGraph.swift */,
				B9C3E0BB285234D000D4A960 /* HikeDetail.swift */,
				B9C3E0BC285234D000D4A960 /* HikeView.swift */,
				B944220028577208008D34B1 /* HikeBadge.swift */,
			);
			path = Hikes;
			sourceTree = "<group>";
		};
		B9FA43AA2869E89200F05AF4 /* MacLandmarks */ = {
			isa = PBXGroup;
			children = (
				B9FA43AD2869E89200F05AF4 /* ContentView.swift */,
				B9FA43AF2869E89400F05AF4 /* Assets.xcassets */,
				B9FA43B42869E89400F05AF4 /* MacLandmarks.entitlements */,
				B9FA43B12869E89400F05AF4 /* Preview Content */,
				B9FA43C42869EAB900F05AF4 /* LandmarkDetail.swift */,
			);
			path = MacLandmarks;
			sourceTree = "<group>";
		};
		B9FA43B12869E89400F05AF4 /* Preview Content */ = {
			isa = PBXGroup;
			children = (
				B9FA43B22869E89400F05AF4 /* Preview Assets.xcassets */,
			);
			path = "Preview Content";
			sourceTree = "<group>";
		};
		B9FCD1952848070D00A391BB /* Views */ = {
			isa = PBXGroup;
			children = (
				B96AF9C7285CA8EA00FD0B6E /* PageView */,
				B94421FB285696CD008D34B1 /* Profiles */,
				B9853B5028525D9D002404F1 /* Categories */,
				B9C3E0B8285234D000D4A960 /* Hikes */,
				B99982A8283EC3AD004DE5BA /* ContentView.swift */,
				B9734A7828494596009C1160 /* Helpers */,
				B9734A79284945B1009C1160 /* Landmarks */,
				B977BA3F284A80860005DDC1 /* Badges */,
			);
			path = Views;
			sourceTree = "<group>";
		};
		B9FCD1962848072400A391BB /* Model */ = {
			isa = PBXGroup;
			children = (
				B9FCD1912847F5E900A391BB /* Landmark.swift */,
				B9FCD1932847FD4100A391BB /* ModelData.swift */,
				B9C3E0B62852331600D4A960 /* Hike.swift */,
				B94421F9285695AD008D34B1 /* Profile.swift */,
			);
			path = Model;
			sourceTree = "<group>";
		};
		B9FCD1972848072E00A391BB /* Resources */ = {
			isa = PBXGroup;
			children = (
				B9C3E0B4285232E900D4A960 /* hikeData.json */,
				B9FCD18F2847F5BA00A391BB /* landmarkData.json */,
			);
			path = Resources;
			sourceTree = "<group>";
		};
/* End PBXGroup section */

/* Begin PBXNativeTarget section */
		B91FE3902860A66F00EE2F3D /* WatchLandmarks */ = {
			isa = PBXNativeTarget;
			buildConfigurationList = B91FE3D32860A67200EE2F3D /* Build configuration list for PBXNativeTarget "WatchLandmarks" */;
			buildPhases = (
				B91FE38F2860A66F00EE2F3D /* Resources */,
				B91FE3CB2860A67200EE2F3D /* Embed App Extensions */,
			);
			buildRules = (
			);
			dependencies = (
				B91FE39C2860A67200EE2F3D /* PBXTargetDependency */,
			);
			name = WatchLandmarks;
			productName = WatchLandmarks;
			productReference = B91FE3912860A66F00EE2F3D /* WatchLandmarks.app */;
			productType = "com.apple.product-type.application.watchapp2";
		};
		B91FE3982860A67200EE2F3D /* WatchLandmarks WatchKit Extension */ = {
			isa = PBXNativeTarget;
			buildConfigurationList = B91FE3D22860A67200EE2F3D /* Build configuration list for PBXNativeTarget "WatchLandmarks WatchKit Extension" */;
			buildPhases = (
				B91FE3952860A67200EE2F3D /* Sources */,
				B91FE3962860A67200EE2F3D /* Frameworks */,
				B91FE3972860A67200EE2F3D /* Resources */,
			);
			buildRules = (
			);
			dependencies = (
			);
			name = "WatchLandmarks WatchKit Extension";
			productName = "WatchLandmarks WatchKit Extension";
			productReference = B91FE3992860A67200EE2F3D /* WatchLandmarks WatchKit Extension.appex */;
			productType = "com.apple.product-type.watchkit2-extension";
		};
		B91FE3B22860A67200EE2F3D /* WatchLandmarksTests */ = {
			isa = PBXNativeTarget;
			buildConfigurationList = B91FE3D42860A67200EE2F3D /* Build configuration list for PBXNativeTarget "WatchLandmarksTests" */;
			buildPhases = (
				B91FE3AF2860A67200EE2F3D /* Sources */,
				B91FE3B02860A67200EE2F3D /* Frameworks */,
				B91FE3B12860A67200EE2F3D /* Resources */,
			);
			buildRules = (
			);
			dependencies = (
				B91FE3B52860A67200EE2F3D /* PBXTargetDependency */,
			);
			name = WatchLandmarksTests;
			productName = WatchLandmarksTests;
			productReference = B91FE3B32860A67200EE2F3D /* WatchLandmarksTests.xctest */;
			productType = "com.apple.product-type.bundle.unit-test";
		};
		B91FE3BC2860A67200EE2F3D /* WatchLandmarksUITests */ = {
			isa = PBXNativeTarget;
			buildConfigurationList = B91FE3D52860A67200EE2F3D /* Build configuration list for PBXNativeTarget "WatchLandmarksUITests" */;
			buildPhases = (
				B91FE3B92860A67200EE2F3D /* Sources */,
				B91FE3BA2860A67200EE2F3D /* Frameworks */,
				B91FE3BB2860A67200EE2F3D /* Resources */,
			);
			buildRules = (
			);
			dependencies = (
				B91FE3BF2860A67200EE2F3D /* PBXTargetDependency */,
			);
			name = WatchLandmarksUITests;
			productName = WatchLandmarksUITests;
			productReference = B91FE3BD2860A67200EE2F3D /* WatchLandmarksUITests.xctest */;
			productType = "com.apple.product-type.bundle.ui-testing";
		};
		B99982A2283EC3AC004DE5BA /* Landmarks */ = {
			isa = PBXNativeTarget;
			buildConfigurationList = B99982B1283EC3AE004DE5BA /* Build configuration list for PBXNativeTarget "Landmarks" */;
			buildPhases = (
				B999829F283EC3AC004DE5BA /* Sources */,
				B99982A0283EC3AC004DE5BA /* Frameworks */,
				B99982A1283EC3AC004DE5BA /* Resources */,
				B91FE3C82860A67200EE2F3D /* Embed Watch Content */,
			);
			buildRules = (
			);
			dependencies = (
				B91FE3C62860A67200EE2F3D /* PBXTargetDependency */,
			);
			name = Landmarks;
			productName = Landmarks;
			productReference = B99982A3283EC3AD004DE5BA /* Landmarks.app */;
			productType = "com.apple.product-type.application";
		};
		B9FA43A82869E89200F05AF4 /* MacLandmarks */ = {
			isa = PBXNativeTarget;
			buildConfigurationList = B9FA43B72869E89400F05AF4 /* Build configuration list for PBXNativeTarget "MacLandmarks" */;
			buildPhases = (
				B9FA43A52869E89200F05AF4 /* Sources */,
				B9FA43A62869E89200F05AF4 /* Frameworks */,
				B9FA43A72869E89200F05AF4 /* Resources */,
			);
			buildRules = (
			);
			dependencies = (
			);
			name = MacLandmarks;
			productName = MacLandmarks;
			productReference = B9FA43A92869E89200F05AF4 /* MacLandmarks.app */;
			productType = "com.apple.product-type.application";
		};
/* End PBXNativeTarget section */

/* Begin PBXProject section */
		B999829B283EC3AC004DE5BA /* Project object */ = {
			isa = PBXProject;
			attributes = {
				BuildIndependentTargetsInParallel = 1;
				LastSwiftUpdateCheck = 1340;
				LastUpgradeCheck = 1340;
				TargetAttributes = {
					B91FE3902860A66F00EE2F3D = {
						CreatedOnToolsVersion = 13.4.1;
					};
					B91FE3982860A67200EE2F3D = {
						CreatedOnToolsVersion = 13.4.1;
					};
					B91FE3B22860A67200EE2F3D = {
						CreatedOnToolsVersion = 13.4.1;
						TestTargetID = B91FE3982860A67200EE2F3D;
					};
					B91FE3BC2860A67200EE2F3D = {
						CreatedOnToolsVersion = 13.4.1;
						TestTargetID = B91FE3902860A66F00EE2F3D;
					};
					B99982A2283EC3AC004DE5BA = {
						CreatedOnToolsVersion = 13.4;
					};
					B9FA43A82869E89200F05AF4 = {
						CreatedOnToolsVersion = 13.4.1;
					};
				};
			};
			buildConfigurationList = B999829E283EC3AC004DE5BA /* Build configuration list for PBXProject "Landmarks" */;
			compatibilityVersion = "Xcode 13.0";
			developmentRegion = en;
			hasScannedForEncodings = 0;
			knownRegions = (
				en,
				Base,
			);
			mainGroup = B999829A283EC3AC004DE5BA;
			productRefGroup = B99982A4283EC3AD004DE5BA /* Products */;
			projectDirPath = "";
			projectRoot = "";
			targets = (
				B99982A2283EC3AC004DE5BA /* Landmarks */,
				B91FE3902860A66F00EE2F3D /* WatchLandmarks */,
				B91FE3982860A67200EE2F3D /* WatchLandmarks WatchKit Extension */,
				B91FE3B22860A67200EE2F3D /* WatchLandmarksTests */,
				B91FE3BC2860A67200EE2F3D /* WatchLandmarksUITests */,
				B9FA43A82869E89200F05AF4 /* MacLandmarks */,
			);
		};
/* End PBXProject section */

/* Begin PBXResourcesBuildPhase section */
		B91FE38F2860A66F00EE2F3D /* Resources */ = {
			isa = PBXResourcesBuildPhase;
			buildActionMask = 2147483647;
			files = (
				B91FE3942860A67100EE2F3D /* Assets.xcassets in Resources */,
			);
			runOnlyForDeploymentPostprocessing = 0;
		};
		B91FE3972860A67200EE2F3D /* Resources */ = {
			isa = PBXResourcesBuildPhase;
			buildActionMask = 2147483647;
			files = (
				B91FE3AC2860A67200EE2F3D /* Preview Assets.xcassets in Resources */,
				B91FE3A92860A67200EE2F3D /* Assets.xcassets in Resources */,
				B91FE3DB2860A84700EE2F3D /* Assets.xcassets in Resources */,
				B91FE3DA2860A84700EE2F3D /* landmarkData.json in Resources */,
				B91FE3DC2860A84700EE2F3D /* hikeData.json in Resources */,
			);
			runOnlyForDeploymentPostprocessing = 0;
		};
		B91FE3B12860A67200EE2F3D /* Resources */ = {
			isa = PBXResourcesBuildPhase;
			buildActionMask = 2147483647;
			files = (
			);
			runOnlyForDeploymentPostprocessing = 0;
		};
		B91FE3BB2860A67200EE2F3D /* Resources */ = {
			isa = PBXResourcesBuildPhase;
			buildActionMask = 2147483647;
			files = (
			);
			runOnlyForDeploymentPostprocessing = 0;
		};
		B99982A1283EC3AC004DE5BA /* Resources */ = {
			isa = PBXResourcesBuildPhase;
			buildActionMask = 2147483647;
			files = (
				B9C3E0B5285232E900D4A960 /* hikeData.json in Resources */,
				B99982AE283EC3AE004DE5BA /* Preview Assets.xcassets in Resources */,
				B99982AB283EC3AE004DE5BA /* Assets.xcassets in Resources */,
				B9FCD1902847F5BA00A391BB /* landmarkData.json in Resources */,
			);
			runOnlyForDeploymentPostprocessing = 0;
		};
		B9FA43A72869E89200F05AF4 /* Resources */ = {
			isa = PBXResourcesBuildPhase;
			buildActionMask = 2147483647;
			files = (
				B9FA43B32869E89400F05AF4 /* Preview Assets.xcassets in Resources */,
				B9FA43BC2869E98900F05AF4 /* landmarkData.json in Resources */,
				B9FA43B92869E98900F05AF4 /* hikeData.json in Resources */,
				B9FA43B02869E89400F05AF4 /* Assets.xcassets in Resources */,
			);
			runOnlyForDeploymentPostprocessing = 0;
		};
/* End PBXResourcesBuildPhase section */

/* Begin PBXSourcesBuildPhase section */
		B91FE3952860A67200EE2F3D /* Sources */ = {
			isa = PBXSourcesBuildPhase;
			buildActionMask = 2147483647;
			files = (
				B91FE3D62860A84700EE2F3D /* Hike.swift in Sources */,
				B91FE3D92860A84700EE2F3D /* Profile.swift in Sources */,
				B91FE3D72860A84700EE2F3D /* MapView.swift in Sources */,
				B91FE3E12860A84700EE2F3D /* CircleImage.swift in Sources */,
				B9FA43C72869F72B00F05AF4 /* LandmarkList.swift in Sources */,
				B91FE3A32860A67200EE2F3D /* NotificationController.swift in Sources */,
				B91FE3DD2860A84700EE2F3D /* LandmarksApp.swift in Sources */,
				B91FE3E32860A92600EE2F3D /* LandmarkDetail.swift in Sources */,
				B91FE3A12860A67200EE2F3D /* ContentView.swift in Sources */,
				B91FE3A72860A67200EE2F3D /* ComplicationController.swift in Sources */,
				B91FE3DF2860A84700EE2F3D /* ModelData.swift in Sources */,
				B91FE3D82860A84700EE2F3D /* LandmarkRow.swift in Sources */,
				B91FE3A52860A67200EE2F3D /* NotificationView.swift in Sources */,
				B91FE3DE2860A84700EE2F3D /* Landmark.swift in Sources */,
			);
			runOnlyForDeploymentPostprocessing = 0;
		};
		B91FE3AF2860A67200EE2F3D /* Sources */ = {
			isa = PBXSourcesBuildPhase;
			buildActionMask = 2147483647;
			files = (
				B91FE3B82860A67200EE2F3D /* WatchLandmarksTests.swift in Sources */,
			);
			runOnlyForDeploymentPostprocessing = 0;
		};
		B91FE3B92860A67200EE2F3D /* Sources */ = {
			isa = PBXSourcesBuildPhase;
			buildActionMask = 2147483647;
			files = (
				B91FE3C42860A67200EE2F3D /* WatchLandmarksUITestsLaunchTests.swift in Sources */,
				B91FE3C22860A67200EE2F3D /* WatchLandmarksUITests.swift in Sources */,
			);
			runOnlyForDeploymentPostprocessing = 0;
		};
		B999829F283EC3AC004DE5BA /* Sources */ = {
			isa = PBXSourcesBuildPhase;
			buildActionMask = 2147483647;
			files = (
				B9853B5428526202002404F1 /* CategoryRow.swift in Sources */,
				B94421FA285695AD008D34B1 /* Profile.swift in Sources */,
				B99982A9283EC3AD004DE5BA /* ContentView.swift in Sources */,
				B9853B5228525DBF002404F1 /* CategoryHome.swift in Sources */,
				B96AF9CB285CB13A00FD0B6E /* FeatureCard.swift in Sources */,
				B9C3E0BE285234D100D4A960 /* HikeGraph.swift in Sources */,
				B977BA3E284A7DB20005DDC1 /* Badge.swift in Sources */,
				B99982B7283EDAB0004DE5BA /* MapView.swift in Sources */,
				B9C3E0BD285234D100D4A960 /* GraphCapsule.swift in Sources */,
				B99982A7283EC3AD004DE5BA /* LandmarksApp.swift in Sources */,
				B91FE38E285CE02F00EE2F3D /* PageControl.swift in Sources */,
				B9734A77284944C6009C1160 /* FavoriteButton.swift in Sources */,
				B9853B562852686B002404F1 /* CategoryItem.swift in Sources */,
				B9C3E0BF285234D100D4A960 /* HikeDetail.swift in Sources */,
				B94421FF2857702A008D34B1 /* ProfileSummary.swift in Sources */,
				B976BCC1284A3C160025D71B /* HexagonParameters.swift in Sources */,
				B94421FD285696EA008D34B1 /* ProfileHost.swift in Sources */,
				B9C3E0B72852331600D4A960 /* Hike.swift in Sources */,
				B977BA3C284A7D1F0005DDC1 /* RotatedBadgeSymbol.swift in Sources */,
				B96AF9CD285CB97C00FD0B6E /* PageView.swift in Sources */,
				B976BCC5284A46DD0025D71B /* BadgeSymbol.swift in Sources */,
				B944220328578092008D34B1 /* ProfileEditor.swift in Sources */,
				B9FCD19B284809FF00A391BB /* LandmarkList.swift in Sources */,
				B9C3E0C0285234D100D4A960 /* HikeView.swift in Sources */,
				B9FCD19D28480BC200A391BB /* LandmarkDetail.swift in Sources */,
				B96AF9C9285CA92B00FD0B6E /* PageViewController.swift in Sources */,
				B976BCC3284A3DB70025D71B /* BadgeBackground.swift in Sources */,
				B944220128577208008D34B1 /* HikeBadge.swift in Sources */,
				B99982B5283ED8EE004DE5BA /* CircleImage.swift in Sources */,
				B9FCD1922847F5E900A391BB /* Landmark.swift in Sources */,
				B9FCD199284807FC00A391BB /* LandmarkRow.swift in Sources */,
				B9FCD1942847FD4100A391BB /* ModelData.swift in Sources */,
			);
			runOnlyForDeploymentPostprocessing = 0;
		};
		B9FA43A52869E89200F05AF4 /* Sources */ = {
			isa = PBXSourcesBuildPhase;
			buildActionMask = 2147483647;
			files = (
				B9FA43BF2869E98900F05AF4 /* Landmark.swift in Sources */,
				B9FA43AE2869E89200F05AF4 /* ContentView.swift in Sources */,
				B9FA43B82869E98900F05AF4 /* FavoriteButton.swift in Sources */,
				B9FA43BE2869E98900F05AF4 /* LandmarkRow.swift in Sources */,
				B9FA43C52869EAB900F05AF4 /* LandmarkDetail.swift in Sources */,
				B9FA43BA2869E98900F05AF4 /* CircleImage.swift in Sources */,
				B9FA43C02869E98900F05AF4 /* ModelData.swift in Sources */,
				B9FA43C12869E98900F05AF4 /* Hike.swift in Sources */,
				B9FA43C22869E98900F05AF4 /* MapView.swift in Sources */,
				B9FA43C32869E98900F05AF4 /* Profile.swift in Sources */,
				B9FA43BD2869E98900F05AF4 /* LandmarksApp.swift in Sources */,
				B9FA43BB2869E98900F05AF4 /* LandmarkList.swift in Sources */,
			);
			runOnlyForDeploymentPostprocessing = 0;
		};
/* End PBXSourcesBuildPhase section */

/* Begin PBXTargetDependency section */
		B91FE39C2860A67200EE2F3D /* PBXTargetDependency */ = {
			isa = PBXTargetDependency;
			target = B91FE3982860A67200EE2F3D /* WatchLandmarks WatchKit Extension */;
			targetProxy = B91FE39B2860A67200EE2F3D /* PBXContainerItemProxy */;
		};
		B91FE3B52860A67200EE2F3D /* PBXTargetDependency */ = {
			isa = PBXTargetDependency;
			target = B91FE3982860A67200EE2F3D /* WatchLandmarks WatchKit Extension */;
			targetProxy = B91FE3B42860A67200EE2F3D /* PBXContainerItemProxy */;
		};
		B91FE3BF2860A67200EE2F3D /* PBXTargetDependency */ = {
			isa = PBXTargetDependency;
			target = B91FE3902860A66F00EE2F3D /* WatchLandmarks */;
			targetProxy = B91FE3BE2860A67200EE2F3D /* PBXContainerItemProxy */;
		};
		B91FE3C62860A67200EE2F3D /* PBXTargetDependency */ = {
			isa = PBXTargetDependency;
			target = B91FE3902860A66F00EE2F3D /* WatchLandmarks */;
			targetProxy = B91FE3C52860A67200EE2F3D /* PBXContainerItemProxy */;
		};
/* End PBXTargetDependency section */

/* Begin XCBuildConfiguration section */
		B91FE3C92860A67200EE2F3D /* Debug */ = {
			isa = XCBuildConfiguration;
			buildSettings = {
				ALWAYS_EMBED_SWIFT_STANDARD_LIBRARIES = YES;
				ASSETCATALOG_COMPILER_APPICON_NAME = AppIcon;
				ASSETCATALOG_COMPILER_GLOBAL_ACCENT_COLOR_NAME = AccentColor;
				CODE_SIGN_STYLE = Automatic;
				CURRENT_PROJECT_VERSION = 1;
				GENERATE_INFOPLIST_FILE = YES;
				IBSC_MODULE = WatchLandmarks_WatchKit_Extension;
				INFOPLIST_KEY_CFBundleDisplayName = WatchLandmarks;
				INFOPLIST_KEY_UISupportedInterfaceOrientations = "UIInterfaceOrientationPortrait UIInterfaceOrientationPortraitUpsideDown";
				INFOPLIST_KEY_WKCompanionAppBundleIdentifier = com.juliankamil.Landmarks;
				MARKETING_VERSION = 1.0;
				PRODUCT_BUNDLE_IDENTIFIER = com.juliankamil.Landmarks.watchkitapp;
				PRODUCT_NAME = "$(TARGET_NAME)";
				SDKROOT = watchos;
				SKIP_INSTALL = YES;
				SWIFT_EMIT_LOC_STRINGS = YES;
				SWIFT_VERSION = 5.0;
				TARGETED_DEVICE_FAMILY = 4;
				WATCHOS_DEPLOYMENT_TARGET = 8.5;
			};
			name = Debug;
		};
		B91FE3CA2860A67200EE2F3D /* Release */ = {
			isa = XCBuildConfiguration;
			buildSettings = {
				ALWAYS_EMBED_SWIFT_STANDARD_LIBRARIES = YES;
				ASSETCATALOG_COMPILER_APPICON_NAME = AppIcon;
				ASSETCATALOG_COMPILER_GLOBAL_ACCENT_COLOR_NAME = AccentColor;
				CODE_SIGN_STYLE = Automatic;
				CURRENT_PROJECT_VERSION = 1;
				GENERATE_INFOPLIST_FILE = YES;
				IBSC_MODULE = WatchLandmarks_WatchKit_Extension;
				INFOPLIST_KEY_CFBundleDisplayName = WatchLandmarks;
				INFOPLIST_KEY_UISupportedInterfaceOrientations = "UIInterfaceOrientationPortrait UIInterfaceOrientationPortraitUpsideDown";
				INFOPLIST_KEY_WKCompanionAppBundleIdentifier = com.juliankamil.Landmarks;
				MARKETING_VERSION = 1.0;
				PRODUCT_BUNDLE_IDENTIFIER = com.juliankamil.Landmarks.watchkitapp;
				PRODUCT_NAME = "$(TARGET_NAME)";
				SDKROOT = watchos;
				SKIP_INSTALL = YES;
				SWIFT_EMIT_LOC_STRINGS = YES;
				SWIFT_VERSION = 5.0;
				TARGETED_DEVICE_FAMILY = 4;
				WATCHOS_DEPLOYMENT_TARGET = 8.5;
			};
			name = Release;
		};
		B91FE3CC2860A67200EE2F3D /* Debug */ = {
			isa = XCBuildConfiguration;
			buildSettings = {
				ASSETCATALOG_COMPILER_COMPLICATION_NAME = Complication;
				CODE_SIGN_STYLE = Automatic;
				CURRENT_PROJECT_VERSION = 1;
				DEVELOPMENT_ASSET_PATHS = "\"WatchLandmarks WatchKit Extension/Preview Content\"";
				ENABLE_PREVIEWS = YES;
				GENERATE_INFOPLIST_FILE = YES;
				INFOPLIST_FILE = "WatchLandmarks WatchKit Extension/Info.plist";
				INFOPLIST_KEY_CFBundleDisplayName = "WatchLandmarks WatchKit Extension";
				INFOPLIST_KEY_CLKComplicationPrincipalClass = WatchLandmarks_WatchKit_Extension.ComplicationController;
				INFOPLIST_KEY_NSHumanReadableCopyright = "";
				INFOPLIST_KEY_WKRunsIndependentlyOfCompanionApp = YES;
				LD_RUNPATH_SEARCH_PATHS = (
					"$(inherited)",
					"@executable_path/Frameworks",
					"@executable_path/../../Frameworks",
				);
				MARKETING_VERSION = 1.0;
				PRODUCT_BUNDLE_IDENTIFIER = com.juliankamil.Landmarks.watchkitapp.watchkitextension;
				PRODUCT_NAME = "${TARGET_NAME}";
				SDKROOT = watchos;
				SKIP_INSTALL = YES;
				SWIFT_EMIT_LOC_STRINGS = YES;
				SWIFT_VERSION = 5.0;
				TARGETED_DEVICE_FAMILY = 4;
				WATCHOS_DEPLOYMENT_TARGET = 8.5;
			};
			name = Debug;
		};
		B91FE3CD2860A67200EE2F3D /* Release */ = {
			isa = XCBuildConfiguration;
			buildSettings = {
				ASSETCATALOG_COMPILER_COMPLICATION_NAME = Complication;
				CODE_SIGN_STYLE = Automatic;
				CURRENT_PROJECT_VERSION = 1;
				DEVELOPMENT_ASSET_PATHS = "\"WatchLandmarks WatchKit Extension/Preview Content\"";
				ENABLE_PREVIEWS = YES;
				GENERATE_INFOPLIST_FILE = YES;
				INFOPLIST_FILE = "WatchLandmarks WatchKit Extension/Info.plist";
				INFOPLIST_KEY_CFBundleDisplayName = "WatchLandmarks WatchKit Extension";
				INFOPLIST_KEY_CLKComplicationPrincipalClass = WatchLandmarks_WatchKit_Extension.ComplicationController;
				INFOPLIST_KEY_NSHumanReadableCopyright = "";
				INFOPLIST_KEY_WKRunsIndependentlyOfCompanionApp = YES;
				LD_RUNPATH_SEARCH_PATHS = (
					"$(inherited)",
					"@executable_path/Frameworks",
					"@executable_path/../../Frameworks",
				);
				MARKETING_VERSION = 1.0;
				PRODUCT_BUNDLE_IDENTIFIER = com.juliankamil.Landmarks.watchkitapp.watchkitextension;
				PRODUCT_NAME = "${TARGET_NAME}";
				SDKROOT = watchos;
				SKIP_INSTALL = YES;
				SWIFT_EMIT_LOC_STRINGS = YES;
				SWIFT_VERSION = 5.0;
				TARGETED_DEVICE_FAMILY = 4;
				WATCHOS_DEPLOYMENT_TARGET = 8.5;
			};
			name = Release;
		};
		B91FE3CE2860A67200EE2F3D /* Debug */ = {
			isa = XCBuildConfiguration;
			buildSettings = {
				ALWAYS_EMBED_SWIFT_STANDARD_LIBRARIES = YES;
				BUNDLE_LOADER = "$(TEST_HOST)";
				CODE_SIGN_STYLE = Automatic;
				CURRENT_PROJECT_VERSION = 1;
				GENERATE_INFOPLIST_FILE = YES;
				MARKETING_VERSION = 1.0;
				PRODUCT_BUNDLE_IDENTIFIER = com.juliankamil.Landmarks.WatchLandmarksTests;
				PRODUCT_NAME = "$(TARGET_NAME)";
				SDKROOT = watchos;
				SWIFT_EMIT_LOC_STRINGS = NO;
				SWIFT_VERSION = 5.0;
				TARGETED_DEVICE_FAMILY = 4;
				TEST_HOST = "$(BUILT_PRODUCTS_DIR)/WatchLandmarks WatchKit Extension.appex/WatchLandmarks WatchKit Extension";
				WATCHOS_DEPLOYMENT_TARGET = 8.5;
			};
			name = Debug;
		};
		B91FE3CF2860A67200EE2F3D /* Release */ = {
			isa = XCBuildConfiguration;
			buildSettings = {
				ALWAYS_EMBED_SWIFT_STANDARD_LIBRARIES = YES;
				BUNDLE_LOADER = "$(TEST_HOST)";
				CODE_SIGN_STYLE = Automatic;
				CURRENT_PROJECT_VERSION = 1;
				GENERATE_INFOPLIST_FILE = YES;
				MARKETING_VERSION = 1.0;
				PRODUCT_BUNDLE_IDENTIFIER = com.juliankamil.Landmarks.WatchLandmarksTests;
				PRODUCT_NAME = "$(TARGET_NAME)";
				SDKROOT = watchos;
				SWIFT_EMIT_LOC_STRINGS = NO;
				SWIFT_VERSION = 5.0;
				TARGETED_DEVICE_FAMILY = 4;
				TEST_HOST = "$(BUILT_PRODUCTS_DIR)/WatchLandmarks WatchKit Extension.appex/WatchLandmarks WatchKit Extension";
				WATCHOS_DEPLOYMENT_TARGET = 8.5;
			};
			name = Release;
		};
		B91FE3D02860A67200EE2F3D /* Debug */ = {
			isa = XCBuildConfiguration;
			buildSettings = {
				CODE_SIGN_STYLE = Automatic;
				CURRENT_PROJECT_VERSION = 1;
				GENERATE_INFOPLIST_FILE = YES;
				MARKETING_VERSION = 1.0;
				PRODUCT_BUNDLE_IDENTIFIER = com.juliankamil.Landmarks.WatchLandmarksUITests;
				PRODUCT_NAME = "$(TARGET_NAME)";
				SDKROOT = watchos;
				SWIFT_EMIT_LOC_STRINGS = NO;
				SWIFT_VERSION = 5.0;
				TARGETED_DEVICE_FAMILY = 4;
				TEST_TARGET_NAME = WatchLandmarks;
				WATCHOS_DEPLOYMENT_TARGET = 8.5;
			};
			name = Debug;
		};
		B91FE3D12860A67200EE2F3D /* Release */ = {
			isa = XCBuildConfiguration;
			buildSettings = {
				CODE_SIGN_STYLE = Automatic;
				CURRENT_PROJECT_VERSION = 1;
				GENERATE_INFOPLIST_FILE = YES;
				MARKETING_VERSION = 1.0;
				PRODUCT_BUNDLE_IDENTIFIER = com.juliankamil.Landmarks.WatchLandmarksUITests;
				PRODUCT_NAME = "$(TARGET_NAME)";
				SDKROOT = watchos;
				SWIFT_EMIT_LOC_STRINGS = NO;
				SWIFT_VERSION = 5.0;
				TARGETED_DEVICE_FAMILY = 4;
				TEST_TARGET_NAME = WatchLandmarks;
				WATCHOS_DEPLOYMENT_TARGET = 8.5;
			};
			name = Release;
		};
		B99982AF283EC3AE004DE5BA /* Debug */ = {
			isa = XCBuildConfiguration;
			buildSettings = {
				ALWAYS_SEARCH_USER_PATHS = NO;
				CLANG_ANALYZER_NONNULL = YES;
				CLANG_ANALYZER_NUMBER_OBJECT_CONVERSION = YES_AGGRESSIVE;
				CLANG_CXX_LANGUAGE_STANDARD = "gnu++17";
				CLANG_ENABLE_MODULES = YES;
				CLANG_ENABLE_OBJC_ARC = YES;
				CLANG_ENABLE_OBJC_WEAK = YES;
				CLANG_WARN_BLOCK_CAPTURE_AUTORELEASING = YES;
				CLANG_WARN_BOOL_CONVERSION = YES;
				CLANG_WARN_COMMA = YES;
				CLANG_WARN_CONSTANT_CONVERSION = YES;
				CLANG_WARN_DEPRECATED_OBJC_IMPLEMENTATIONS = YES;
				CLANG_WARN_DIRECT_OBJC_ISA_USAGE = YES_ERROR;
				CLANG_WARN_DOCUMENTATION_COMMENTS = YES;
				CLANG_WARN_EMPTY_BODY = YES;
				CLANG_WARN_ENUM_CONVERSION = YES;
				CLANG_WARN_INFINITE_RECURSION = YES;
				CLANG_WARN_INT_CONVERSION = YES;
				CLANG_WARN_NON_LITERAL_NULL_CONVERSION = YES;
				CLANG_WARN_OBJC_IMPLICIT_RETAIN_SELF = YES;
				CLANG_WARN_OBJC_LITERAL_CONVERSION = YES;
				CLANG_WARN_OBJC_ROOT_CLASS = YES_ERROR;
				CLANG_WARN_QUOTED_INCLUDE_IN_FRAMEWORK_HEADER = YES;
				CLANG_WARN_RANGE_LOOP_ANALYSIS = YES;
				CLANG_WARN_STRICT_PROTOTYPES = YES;
				CLANG_WARN_SUSPICIOUS_MOVE = YES;
				CLANG_WARN_UNGUARDED_AVAILABILITY = YES_AGGRESSIVE;
				CLANG_WARN_UNREACHABLE_CODE = YES;
				CLANG_WARN__DUPLICATE_METHOD_MATCH = YES;
				COPY_PHASE_STRIP = NO;
				DEBUG_INFORMATION_FORMAT = dwarf;
				ENABLE_STRICT_OBJC_MSGSEND = YES;
				ENABLE_TESTABILITY = YES;
				GCC_C_LANGUAGE_STANDARD = gnu11;
				GCC_DYNAMIC_NO_PIC = NO;
				GCC_NO_COMMON_BLOCKS = YES;
				GCC_OPTIMIZATION_LEVEL = 0;
				GCC_PREPROCESSOR_DEFINITIONS = (
					"DEBUG=1",
					"$(inherited)",
				);
				GCC_WARN_64_TO_32_BIT_CONVERSION = YES;
				GCC_WARN_ABOUT_RETURN_TYPE = YES_ERROR;
				GCC_WARN_UNDECLARED_SELECTOR = YES;
				GCC_WARN_UNINITIALIZED_AUTOS = YES_AGGRESSIVE;
				GCC_WARN_UNUSED_FUNCTION = YES;
				GCC_WARN_UNUSED_VARIABLE = YES;
				IPHONEOS_DEPLOYMENT_TARGET = 15.5;
				MTL_ENABLE_DEBUG_INFO = INCLUDE_SOURCE;
				MTL_FAST_MATH = YES;
				ONLY_ACTIVE_ARCH = YES;
				SDKROOT = iphoneos;
				SWIFT_ACTIVE_COMPILATION_CONDITIONS = DEBUG;
				SWIFT_OPTIMIZATION_LEVEL = "-Onone";
			};
			name = Debug;
		};
		B99982B0283EC3AE004DE5BA /* Release */ = {
			isa = XCBuildConfiguration;
			buildSettings = {
				ALWAYS_SEARCH_USER_PATHS = NO;
				CLANG_ANALYZER_NONNULL = YES;
				CLANG_ANALYZER_NUMBER_OBJECT_CONVERSION = YES_AGGRESSIVE;
				CLANG_CXX_LANGUAGE_STANDARD = "gnu++17";
				CLANG_ENABLE_MODULES = YES;
				CLANG_ENABLE_OBJC_ARC = YES;
				CLANG_ENABLE_OBJC_WEAK = YES;
				CLANG_WARN_BLOCK_CAPTURE_AUTORELEASING = YES;
				CLANG_WARN_BOOL_CONVERSION = YES;
				CLANG_WARN_COMMA = YES;
				CLANG_WARN_CONSTANT_CONVERSION = YES;
				CLANG_WARN_DEPRECATED_OBJC_IMPLEMENTATIONS = YES;
				CLANG_WARN_DIRECT_OBJC_ISA_USAGE = YES_ERROR;
				CLANG_WARN_DOCUMENTATION_COMMENTS = YES;
				CLANG_WARN_EMPTY_BODY = YES;
				CLANG_WARN_ENUM_CONVERSION = YES;
				CLANG_WARN_INFINITE_RECURSION = YES;
				CLANG_WARN_INT_CONVERSION = YES;
				CLANG_WARN_NON_LITERAL_NULL_CONVERSION = YES;
				CLANG_WARN_OBJC_IMPLICIT_RETAIN_SELF = YES;
				CLANG_WARN_OBJC_LITERAL_CONVERSION = YES;
				CLANG_WARN_OBJC_ROOT_CLASS = YES_ERROR;
				CLANG_WARN_QUOTED_INCLUDE_IN_FRAMEWORK_HEADER = YES;
				CLANG_WARN_RANGE_LOOP_ANALYSIS = YES;
				CLANG_WARN_STRICT_PROTOTYPES = YES;
				CLANG_WARN_SUSPICIOUS_MOVE = YES;
				CLANG_WARN_UNGUARDED_AVAILABILITY = YES_AGGRESSIVE;
				CLANG_WARN_UNREACHABLE_CODE = YES;
				CLANG_WARN__DUPLICATE_METHOD_MATCH = YES;
				COPY_PHASE_STRIP = NO;
				DEBUG_INFORMATION_FORMAT = "dwarf-with-dsym";
				ENABLE_NS_ASSERTIONS = NO;
				ENABLE_STRICT_OBJC_MSGSEND = YES;
				GCC_C_LANGUAGE_STANDARD = gnu11;
				GCC_NO_COMMON_BLOCKS = YES;
				GCC_WARN_64_TO_32_BIT_CONVERSION = YES;
				GCC_WARN_ABOUT_RETURN_TYPE = YES_ERROR;
				GCC_WARN_UNDECLARED_SELECTOR = YES;
				GCC_WARN_UNINITIALIZED_AUTOS = YES_AGGRESSIVE;
				GCC_WARN_UNUSED_FUNCTION = YES;
				GCC_WARN_UNUSED_VARIABLE = YES;
				IPHONEOS_DEPLOYMENT_TARGET = 15.5;
				MTL_ENABLE_DEBUG_INFO = NO;
				MTL_FAST_MATH = YES;
				SDKROOT = iphoneos;
				SWIFT_COMPILATION_MODE = wholemodule;
				SWIFT_OPTIMIZATION_LEVEL = "-O";
				VALIDATE_PRODUCT = YES;
			};
			name = Release;
		};
		B99982B2283EC3AE004DE5BA /* Debug */ = {
			isa = XCBuildConfiguration;
			buildSettings = {
				ASSETCATALOG_COMPILER_APPICON_NAME = AppIcon;
				ASSETCATALOG_COMPILER_GLOBAL_ACCENT_COLOR_NAME = AccentColor;
				CODE_SIGN_STYLE = Automatic;
				CURRENT_PROJECT_VERSION = 1;
				DEVELOPMENT_ASSET_PATHS = "\"Landmarks/Preview Content\"";
				ENABLE_PREVIEWS = YES;
				GENERATE_INFOPLIST_FILE = YES;
				INFOPLIST_KEY_UIApplicationSceneManifest_Generation = YES;
				INFOPLIST_KEY_UIApplicationSupportsIndirectInputEvents = YES;
				INFOPLIST_KEY_UILaunchScreen_Generation = YES;
				INFOPLIST_KEY_UISupportedInterfaceOrientations_iPad = "UIInterfaceOrientationPortrait UIInterfaceOrientationPortraitUpsideDown UIInterfaceOrientationLandscapeLeft UIInterfaceOrientationLandscapeRight";
				INFOPLIST_KEY_UISupportedInterfaceOrientations_iPhone = "UIInterfaceOrientationPortrait UIInterfaceOrientationLandscapeLeft UIInterfaceOrientationLandscapeRight";
				LD_RUNPATH_SEARCH_PATHS = (
					"$(inherited)",
					"@executable_path/Frameworks",
				);
				MARKETING_VERSION = 1.0;
				PRODUCT_BUNDLE_IDENTIFIER = com.juliankamil.Landmarks;
				PRODUCT_NAME = "$(TARGET_NAME)";
				SWIFT_EMIT_LOC_STRINGS = YES;
				SWIFT_VERSION = 5.0;
				TARGETED_DEVICE_FAMILY = "1,2";
			};
			name = Debug;
		};
		B99982B3283EC3AE004DE5BA /* Release */ = {
			isa = XCBuildConfiguration;
			buildSettings = {
				ASSETCATALOG_COMPILER_APPICON_NAME = AppIcon;
				ASSETCATALOG_COMPILER_GLOBAL_ACCENT_COLOR_NAME = AccentColor;
				CODE_SIGN_STYLE = Automatic;
				CURRENT_PROJECT_VERSION = 1;
				DEVELOPMENT_ASSET_PATHS = "\"Landmarks/Preview Content\"";
				ENABLE_PREVIEWS = YES;
				GENERATE_INFOPLIST_FILE = YES;
				INFOPLIST_KEY_UIApplicationSceneManifest_Generation = YES;
				INFOPLIST_KEY_UIApplicationSupportsIndirectInputEvents = YES;
				INFOPLIST_KEY_UILaunchScreen_Generation = YES;
				INFOPLIST_KEY_UISupportedInterfaceOrientations_iPad = "UIInterfaceOrientationPortrait UIInterfaceOrientationPortraitUpsideDown UIInterfaceOrientationLandscapeLeft UIInterfaceOrientationLandscapeRight";
				INFOPLIST_KEY_UISupportedInterfaceOrientations_iPhone = "UIInterfaceOrientationPortrait UIInterfaceOrientationLandscapeLeft UIInterfaceOrientationLandscapeRight";
				LD_RUNPATH_SEARCH_PATHS = (
					"$(inherited)",
					"@executable_path/Frameworks",
				);
				MARKETING_VERSION = 1.0;
				PRODUCT_BUNDLE_IDENTIFIER = com.juliankamil.Landmarks;
				PRODUCT_NAME = "$(TARGET_NAME)";
				SWIFT_EMIT_LOC_STRINGS = YES;
				SWIFT_VERSION = 5.0;
				TARGETED_DEVICE_FAMILY = "1,2";
			};
			name = Release;
		};
		B9FA43B52869E89400F05AF4 /* Debug */ = {
			isa = XCBuildConfiguration;
			buildSettings = {
				ASSETCATALOG_COMPILER_APPICON_NAME = AppIcon;
				ASSETCATALOG_COMPILER_GLOBAL_ACCENT_COLOR_NAME = AccentColor;
				CODE_SIGN_ENTITLEMENTS = MacLandmarks/MacLandmarks.entitlements;
				CODE_SIGN_STYLE = Automatic;
				COMBINE_HIDPI_IMAGES = YES;
				CURRENT_PROJECT_VERSION = 1;
				DEVELOPMENT_ASSET_PATHS = "\"MacLandmarks/Preview Content\"";
				DEVELOPMENT_TEAM = Z6TDHUD2PW;
				ENABLE_HARDENED_RUNTIME = YES;
				ENABLE_PREVIEWS = YES;
				GENERATE_INFOPLIST_FILE = YES;
				INFOPLIST_KEY_NSHumanReadableCopyright = "";
				LD_RUNPATH_SEARCH_PATHS = (
					"$(inherited)",
					"@executable_path/../Frameworks",
				);
				MACOSX_DEPLOYMENT_TARGET = 12.3;
				MARKETING_VERSION = 1.0;
				PRODUCT_BUNDLE_IDENTIFIER = juliankamil.MacLandmarks;
				PRODUCT_NAME = "$(TARGET_NAME)";
				SDKROOT = macosx;
				SWIFT_EMIT_LOC_STRINGS = YES;
				SWIFT_VERSION = 5.0;
			};
			name = Debug;
		};
		B9FA43B62869E89400F05AF4 /* Release */ = {
			isa = XCBuildConfiguration;
			buildSettings = {
				ASSETCATALOG_COMPILER_APPICON_NAME = AppIcon;
				ASSETCATALOG_COMPILER_GLOBAL_ACCENT_COLOR_NAME = AccentColor;
				CODE_SIGN_ENTITLEMENTS = MacLandmarks/MacLandmarks.entitlements;
				CODE_SIGN_STYLE = Automatic;
				COMBINE_HIDPI_IMAGES = YES;
				CURRENT_PROJECT_VERSION = 1;
				DEVELOPMENT_ASSET_PATHS = "\"MacLandmarks/Preview Content\"";
				DEVELOPMENT_TEAM = Z6TDHUD2PW;
				ENABLE_HARDENED_RUNTIME = YES;
				ENABLE_PREVIEWS = YES;
				GENERATE_INFOPLIST_FILE = YES;
				INFOPLIST_KEY_NSHumanReadableCopyright = "";
				LD_RUNPATH_SEARCH_PATHS = (
					"$(inherited)",
					"@executable_path/../Frameworks",
				);
				MACOSX_DEPLOYMENT_TARGET = 12.3;
				MARKETING_VERSION = 1.0;
				PRODUCT_BUNDLE_IDENTIFIER = juliankamil.MacLandmarks;
				PRODUCT_NAME = "$(TARGET_NAME)";
				SDKROOT = macosx;
				SWIFT_EMIT_LOC_STRINGS = YES;
				SWIFT_VERSION = 5.0;
			};
			name = Release;
		};
/* End XCBuildConfiguration section */

/* Begin XCConfigurationList section */
		B91FE3D22860A67200EE2F3D /* Build configuration list for PBXNativeTarget "WatchLandmarks WatchKit Extension" */ = {
			isa = XCConfigurationList;
			buildConfigurations = (
				B91FE3CC2860A67200EE2F3D /* Debug */,
				B91FE3CD2860A67200EE2F3D /* Release */,
			);
			defaultConfigurationIsVisible = 0;
			defaultConfigurationName = Release;
		};
		B91FE3D32860A67200EE2F3D /* Build configuration list for PBXNativeTarget "WatchLandmarks" */ = {
			isa = XCConfigurationList;
			buildConfigurations = (
				B91FE3C92860A67200EE2F3D /* Debug */,
				B91FE3CA2860A67200EE2F3D /* Release */,
			);
			defaultConfigurationIsVisible = 0;
			defaultConfigurationName = Release;
		};
		B91FE3D42860A67200EE2F3D /* Build configuration list for PBXNativeTarget "WatchLandmarksTests" */ = {
			isa = XCConfigurationList;
			buildConfigurations = (
				B91FE3CE2860A67200EE2F3D /* Debug */,
				B91FE3CF2860A67200EE2F3D /* Release */,
			);
			defaultConfigurationIsVisible = 0;
			defaultConfigurationName = Release;
		};
		B91FE3D52860A67200EE2F3D /* Build configuration list for PBXNativeTarget "WatchLandmarksUITests" */ = {
			isa = XCConfigurationList;
			buildConfigurations = (
				B91FE3D02860A67200EE2F3D /* Debug */,
				B91FE3D12860A67200EE2F3D /* Release */,
			);
			defaultConfigurationIsVisible = 0;
			defaultConfigurationName = Release;
		};
		B999829E283EC3AC004DE5BA /* Build configuration list for PBXProject "Landmarks" */ = {
			isa = XCConfigurationList;
			buildConfigurations = (
				B99982AF283EC3AE004DE5BA /* Debug */,
				B99982B0283EC3AE004DE5BA /* Release */,
			);
			defaultConfigurationIsVisible = 0;
			defaultConfigurationName = Release;
		};
		B99982B1283EC3AE004DE5BA /* Build configuration list for PBXNativeTarget "Landmarks" */ = {
			isa = XCConfigurationList;
			buildConfigurations = (
				B99982B2283EC3AE004DE5BA /* Debug */,
				B99982B3283EC3AE004DE5BA /* Release */,
			);
			defaultConfigurationIsVisible = 0;
			defaultConfigurationName = Release;
		};
		B9FA43B72869E89400F05AF4 /* Build configuration list for PBXNativeTarget "MacLandmarks" */ = {
			isa = XCConfigurationList;
			buildConfigurations = (
				B9FA43B52869E89400F05AF4 /* Debug */,
				B9FA43B62869E89400F05AF4 /* Release */,
			);
			defaultConfigurationIsVisible = 0;
			defaultConfigurationName = Release;
		};
/* End XCConfigurationList section */
	};
	rootObject = B999829B283EC3AC004DE5BA /* Project object */;
}
